{
  "requires": true,
  "lockfileVersion": 1,
  "dependencies": {
    "easytimer.js": {
      "version": "4.5.3",
      "resolved": "https://registry.npmjs.org/easytimer.js/-/easytimer.js-4.5.3.tgz",
      "integrity": "sha512-f7ptrLcKNLQCwHl8q/lbik4VGHB7azlHXgBXE2rbjv5wv1dzqrymq45StRkpUxvGHPC0xLJQ0/y5wfYjMl2KRQ=="
    },

  }
}
